
Microsoft Visual Studio Solution File, Format Version 12.00
# Visual Studio 15
VisualStudioVersion = 15.0.27428.2015
MinimumVisualStudioVersion = 10.0.40219.1
Project("{FAE04EC0-301F-11D3-BF4B-00C04F79EFBC}") = "DonerSermaye", "DonerSermaye\DonerSermaye.csproj", "{CE7FE255-0141-4AEB-A689-15CE2934324C}"
EndProject
Global
	GlobalSection(SolutionConfigurationPlatforms) = preSolution
		Debug|Any CPU = Debug|Any CPU
		Release|Any CPU = Release|Any CPU
	EndGlobalSection
	GlobalSection(ProjectConfigurationPlatforms) = postSolution
		{CE7FE255-0141-4AEB-A689-15CE2934324C}.Debug|Any CPU.ActiveCfg = Debug|Any CPU
		{CE7FE255-0141-4AEB-A689-15CE2934324C}.Debug|Any CPU.Build.0 = Debug|Any CPU
		{CE7FE255-0141-4AEB-A689-15CE2934324C}.Release|Any CPU.ActiveCfg = Release|Any CPU
		{CE7FE255-0141-4AEB-A689-15CE2934324C}.Release|Any CPU.Build.0 = Release|Any CPU
	EndGlobalSection
	GlobalSection(SolutionProperties) = preSolution
		HideSolutionNode = FALSE
	EndGlobalSection
	GlobalSection(ExtensibilityGlobals) = postSolution
		SolutionGuid = {CFEBA034-E51F-4C31-B6CC-F88DAF60AE74}
	EndGlobalSection
EndGlobal
